// !$*UTF8*$!
{
	archiveVersion = 1;
	classes = {
	};
	objectVersion = 50;
	objects = {

/* Begin PBXBuildFile section */
		AD6EBECD2471AA8E00410B26 /* AppDelegate.swift in Sources */ = {isa = PBXBuildFile; fileRef = AD6EBECC2471AA8E00410B26 /* AppDelegate.swift */; };
		AD6EBECF2471AA8E00410B26 /* SceneDelegate.swift in Sources */ = {isa = PBXBuildFile; fileRef = AD6EBECE2471AA8E00410B26 /* SceneDelegate.swift */; };
		AD6EBED12471AA8E00410B26 /* ContentView.swift in Sources */ = {isa = PBXBuildFile; fileRef = AD6EBED02471AA8E00410B26 /* ContentView.swift */; };
		AD6EBED32471AA9500410B26 /* Assets.xcassets in Resources */ = {isa = PBXBuildFile; fileRef = AD6EBED22471AA9500410B26 /* Assets.xcassets */; };
		AD6EBED62471AA9500410B26 /* Preview Assets.xcassets in Resources */ = {isa = PBXBuildFile; fileRef = AD6EBED52471AA9500410B26 /* Preview Assets.xcassets */; };
		AD6EBED92471AA9500410B26 /* LaunchScreen.storyboard in Resources */ = {isa = PBXBuildFile; fileRef = AD6EBED72471AA9500410B26 /* LaunchScreen.storyboard */; };
		AD6EBEE42471AA9500410B26 /* Login_PageTests.swift in Sources */ = {isa = PBXBuildFile; fileRef = AD6EBEE32471AA9500410B26 /* Login_PageTests.swift */; };
		AD6EBEEF2471AA9500410B26 /* Login_PageUITests.swift in Sources */ = {isa = PBXBuildFile; fileRef = AD6EBEEE2471AA9500410B26 /* Login_PageUITests.swift */; };
/* End PBXBuildFile section */

/* Begin PBXContainerItemProxy section */
		AD6EBEE02471AA9500410B26 /* PBXContainerItemProxy */ = {
			isa = PBXContainerItemProxy;
			containerPortal = AD6EBEC12471AA8E00410B26 /* Project object */;
			proxyType = 1;
			remoteGlobalIDString = AD6EBEC82471AA8E00410B26;
			remoteInfo = "Login Page";
		};
		AD6EBEEB2471AA9500410B26 /* PBXContainerItemProxy */ = {
			isa = PBXContainerItemProxy;
			containerPortal = AD6EBEC12471AA8E00410B26 /* Project object */;
			proxyType = 1;
			remoteGlobalIDString = AD6EBEC82471AA8E00410B26;
			remoteInfo = "Login Page";
		};
/* End PBXContainerItemProxy section */

/* Begin PBXFileReference section */
		AD6EBEC92471AA8E00410B26 /* Login Page.app */ = {isa = PBXFileReference; explicitFileType = wrapper.application; includeInIndex = 0; path = "Login Page.app"; sourceTree = BUILT_PRODUCTS_DIR; };
		AD6EBECC2471AA8E00410B26 /* AppDelegate.swift */ = {isa = PBXFileReference; lastKnownFileType = sourcecode.swift; path = AppDelegate.swift; sourceTree = "<group>"; };
		AD6EBECE2471AA8E00410B26 /* SceneDelegate.swift */ = {isa = PBXFileReference; lastKnownFileType = sourcecode.swift; path = SceneDelegate.swift; sourceTree = "<group>"; };
		AD6EBED02471AA8E00410B26 /* ContentView.swift */ = {isa = PBXFileReference; lastKnownFileType = sourcecode.swift; path = ContentView.swift; sourceTree = "<group>"; };
		AD6EBED22471AA9500410B26 /* Assets.xcassets */ = {isa = PBXFileReference; lastKnownFileType = folder.assetcatalog; path = Assets.xcassets; sourceTree = "<group>"; };
		AD6EBED52471AA9500410B26 /* Preview Assets.xcassets */ = {isa = PBXFileReference; lastKnownFileType = folder.assetcatalog; path = "Preview Assets.xcassets"; sourceTree = "<group>"; };
		AD6EBED82471AA9500410B26 /* Base */ = {isa = PBXFileReference; lastKnownFileType = file.storyboard; name = Base; path = Base.lproj/LaunchScreen.storyboard; sourceTree = "<group>"; };
		AD6EBEDA2471AA9500410B26 /* Info.plist */ = {isa = PBXFileReference; lastKnownFileType = text.plist.xml; path = Info.plist; sourceTree = "<group>"; };
		AD6EBEDF2471AA9500410B26 /* Login PageTests.xctest */ = {isa = PBXFileReference; explicitFileType = wrapper.cfbundle; includeInIndex = 0; path = "Login PageTests.xctest"; sourceTree = BUILT_PRODUCTS_DIR; };
		AD6EBEE32471AA9500410B26 /* Login_PageTests.swift */ = {isa = PBXFileReference; lastKnownFileType = sourcecode.swift; path = Login_PageTests.swift; sourceTree = "<group>"; };
		AD6EBEE52471AA9500410B26 /* Info.plist */ = {isa = PBXFileReference; lastKnownFileType = text.plist.xml; path = Info.plist; sourceTree = "<group>"; };
		AD6EBEEA2471AA9500410B26 /* Login PageUITests.xctest */ = {isa = PBXFileReference; explicitFileType = wrapper.cfbundle; includeInIndex = 0; path = "Login PageUITests.xctest"; sourceTree = BUILT_PRODUCTS_DIR; };
		AD6EBEEE2471AA9500410B26 /* Login_PageUITests.swift */ = {isa = PBXFileReference; lastKnownFileType = sourcecode.swift; path = Login_PageUITests.swift; sourceTree = "<group>"; };
		AD6EBEF02471AA9500410B26 /* Info.plist */ = {isa = PBXFileReference; lastKnownFileType = text.plist.xml; path = Info.plist; sourceTree = "<group>"; };
/* End PBXFileReference section */

/* Begin PBXFrameworksBuildPhase section */
		AD6EBEC62471AA8E00410B26 /* Frameworks */ = {
			isa = PBXFrameworksBuildPhase;
			buildActionMask = 2147483647;
			files = (
			);
			runOnlyForDeploymentPostprocessing = 0;
		};
		AD6EBEDC2471AA9500410B26 /* Frameworks */ = {
			isa = PBXFrameworksBuildPhase;
			buildActionMask = 2147483647;
			files = (
			);
			runOnlyForDeploymentPostprocessing = 0;
		};
		AD6EBEE72471AA9500410B26 /* Frameworks */ = {
			isa = PBXFrameworksBuildPhase;
			buildActionMask = 2147483647;
			files = (
			);
			runOnlyForDeploymentPostprocessing = 0;
		};
/* End PBXFrameworksBuildPhase section */

/* Begin PBXGroup section */
		AD6EBEC02471AA8E00410B26 = {
			isa = PBXGroup;
			children = (
				AD6EBECB2471AA8E00410B26 /* Login Page */,
				AD6EBEE22471AA9500410B26 /* Login PageTests */,
				AD6EBEED2471AA9500410B26 /* Login PageUITests */,
				AD6EBECA2471AA8E00410B26 /* Products */,
			);
			sourceTree = "<group>";
		};
		AD6EBECA2471AA8E00410B26 /* Products */ = {
			isa = PBXGroup;
			children = (
				AD6EBEC92471AA8E00410B26 /* Login Page.app */,
				AD6EBEDF2471AA9500410B26 /* Login PageTests.xctest */,
				AD6EBEEA2471AA9500410B26 /* Login PageUITests.xctest */,
			);
			name = Products;
			sourceTree = "<group>";
		};
		AD6EBECB2471AA8E00410B26 /* Login Page */ = {
			isa = PBXGroup;
			children = (
				AD6EBECC2471AA8E00410B26 /* AppDelegate.swift */,
				AD6EBECE2471AA8E00410B26 /* SceneDelegate.swift */,
				AD6EBED02471AA8E00410B26 /* ContentView.swift */,
				AD6EBED22471AA9500410B26 /* Assets.xcassets */,
				AD6EBED72471AA9500410B26 /* LaunchScreen.storyboard */,
				AD6EBEDA2471AA9500410B26 /* Info.plist */,
				AD6EBED42471AA9500410B26 /* Preview Content */,
			);
			path = "Login Page";
			sourceTree = "<group>";
		};
		AD6EBED42471AA9500410B26 /* Preview Content */ = {
			isa = PBXGroup;
			children = (
				AD6EBED52471AA9500410B26 /* Preview Assets.xcassets */,
			);
			path = "Preview Content";
			sourceTree = "<group>";
		};
		AD6EBEE22471AA9500410B26 /* Login PageTests */ = {
			isa = PBXGroup;
			children = (
				AD6EBEE32471AA9500410B26 /* Login_PageTests.swift */,
				AD6EBEE52471AA9500410B26 /* Info.plist */,
			);
			path = "Login PageTests";
			sourceTree = "<group>";
		};
		AD6EBEED2471AA9500410B26 /* Login PageUITests */ = {
			isa = PBXGroup;
			children = (
				AD6EBEEE2471AA9500410B26 /* Login_PageUITests.swift */,
				AD6EBEF02471AA9500410B26 /* Info.plist */,
			);
			path = "Login PageUITests";
			sourceTree = "<group>";
		};
/* End PBXGroup section */

/* Begin PBXNativeTarget section */
		AD6EBEC82471AA8E00410B26 /* Login Page */ = {
			isa = PBXNativeTarget;
			buildConfigurationList = AD6EBEF32471AA9500410B26 /* Build configuration list for PBXNativeTarget "Login Page" */;
			buildPhases = (
				AD6EBEC52471AA8E00410B26 /* Sources */,
				AD6EBEC62471AA8E00410B26 /* Frameworks */,
				AD6EBEC72471AA8E00410B26 /* Resources */,
			);
			buildRules = (
			);
			dependencies = (
			);
			name = "Login Page";
			productName = "Login Page";
			productReference = AD6EBEC92471AA8E00410B26 /* Login Page.app */;
			productType = "com.apple.product-type.application";
		};
		AD6EBEDE2471AA9500410B26 /* Login PageTests */ = {
			isa = PBXNativeTarget;
			buildConfigurationList = AD6EBEF62471AA9500410B26 /* Build configuration list for PBXNativeTarget "Login PageTests" */;
			buildPhases = (
				AD6EBEDB2471AA9500410B26 /* Sources */,
				AD6EBEDC2471AA9500410B26 /* Frameworks */,
				AD6EBEDD2471AA9500410B26 /* Resources */,
			);
			buildRules = (
			);
			dependencies = (
				AD6EBEE12471AA9500410B26 /* PBXTargetDependency */,
			);
			name = "Login PageTests";
			productName = "Login PageTests";
			productReference = AD6EBEDF2471AA9500410B26 /* Login PageTests.xctest */;
			productType = "com.apple.product-type.bundle.unit-test";
		};
		AD6EBEE92471AA9500410B26 /* Login PageUITests */ = {
			isa = PBXNativeTarget;
			buildConfigurationList = AD6EBEF92471AA9500410B26 /* Build configuration list for PBXNativeTarget "Login PageUITests" */;
			buildPhases = (
				AD6EBEE62471AA9500410B26 /* Sources */,
				AD6EBEE72471AA9500410B26 /* Frameworks */,
				AD6EBEE82471AA9500410B26 /* Resources */,
			);
			buildRules = (
			);
			dependencies = (
				AD6EBEEC2471AA9500410B26 /* PBXTargetDependency */,
			);
			name = "Login PageUITests";
			productName = "Login PageUITests";
			productReference = AD6EBEEA2471AA9500410B26 /* Login PageUITests.xctest */;
			productType = "com.apple.product-type.bundle.ui-testing";
		};
/* End PBXNativeTarget section */

/* Begin PBXProject section */
		AD6EBEC12471AA8E00410B26 /* Project object */ = {
			isa = PBXProject;
			attributes = {
				LastSwiftUpdateCheck = 1140;
				LastUpgradeCheck = 1140;
				ORGANIZATIONNAME = Balaji;
				TargetAttributes = {
					AD6EBEC82471AA8E00410B26 = {
						CreatedOnToolsVersion = 11.4.1;
					};
					AD6EBEDE2471AA9500410B26 = {
						CreatedOnToolsVersion = 11.4.1;
						TestTargetID = AD6EBEC82471AA8E00410B26;
					};
					AD6EBEE92471AA9500410B26 = {
						CreatedOnToolsVersion = 11.4.1;
						TestTargetID = AD6EBEC82471AA8E00410B26;
					};
				};
			};
			buildConfigurationList = AD6EBEC42471AA8E00410B26 /* Build configuration list for PBXProject "Login Page" */;
			compatibilityVersion = "Xcode 9.3";
			developmentRegion = en;
			hasScannedForEncodings = 0;
			knownRegions = (
				en,
				Base,
			);
			mainGroup = AD6EBEC02471AA8E00410B26;
			productRefGroup = AD6EBECA2471AA8E00410B26 /* Products */;
			projectDirPath = "";
			projectRoot = "";
			targets = (
				AD6EBEC82471AA8E00410B26 /* Login Page */,
				AD6EBEDE2471AA9500410B26 /* Login PageTests */,
				AD6EBEE92471AA9500410B26 /* Login PageUITests */,
			);
		};
/* End PBXProject section */

/* Begin PBXResourcesBuildPhase section */
		AD6EBEC72471AA8E00410B26 /* Resources */ = {
			isa = PBXResourcesBuildPhase;
			buildActionMask = 2147483647;
			files = (
				AD6EBED92471AA9500410B26 /* LaunchScreen.storyboard in Resources */,
				AD6EBED62471AA9500410B26 /* Preview Assets.xcassets in Resources */,
				AD6EBED32471AA9500410B26 /* Assets.xcassets in Resources */,
			);
			runOnlyForDeploymentPostprocessing = 0;
		};
		AD6EBEDD2471AA9500410B26 /* Resources */ = {
			isa = PBXResourcesBuildPhase;
			buildActionMask = 2147483647;
			files = (
			);
			runOnlyForDeploymentPostprocessing = 0;
		};
		AD6EBEE82471AA9500410B26 /* Resources */ = {
			isa = PBXResourcesBuildPhase;
			buildActionMask = 2147483647;
			files = (
			);
			runOnlyForDeploymentPostprocessing = 0;
		};
/* End PBXResourcesBuildPhase section */

/* Begin PBXSourcesBuildPhase section */
		AD6EBEC52471AA8E00410B26 /* Sources */ = {
			isa = PBXSourcesBuildPhase;
			buildActionMask = 2147483647;
			files = (
				AD6EBECD2471AA8E00410B26 /* AppDelegate.swift in Sources */,
				AD6EBECF2471AA8E00410B26 /* SceneDelegate.swift in Sources */,
				AD6EBED12471AA8E00410B26 /* ContentView.swift in Sources */,
			);
			runOnlyForDeploymentPostprocessing = 0;
		};
		AD6EBEDB2471AA9500410B26 /* Sources */ = {
			isa = PBXSourcesBuildPhase;
			buildActionMask = 2147483647;
			files = (
				AD6EBEE42471AA9500410B26 /* Login_PageTests.swift in Sources */,
			);
			runOnlyForDeploymentPostprocessing = 0;
		};
		AD6EBEE62471AA9500410B26 /* Sources */ = {
			isa = PBXSourcesBuildPhase;
			buildActionMask = 2147483647;
			files = (
				AD6EBEEF2471AA9500410B26 /* Login_PageUITests.swift in Sources */,
			);
			runOnlyForDeploymentPostprocessing = 0;
		};
/* End PBXSourcesBuildPhase section */

/* Begin PBXTargetDependency section */
		AD6EBEE12471AA9500410B26 /* PBXTargetDependency */ = {
			isa = PBXTargetDependency;
			target = AD6EBEC82471AA8E00410B26 /* Login Page */;
			targetProxy = AD6EBEE02471AA9500410B26 /* PBXContainerItemProxy */;
		};
		AD6EBEEC2471AA9500410B26 /* PBXTargetDependency */ = {
			isa = PBXTargetDependency;
			target = AD6EBEC82471AA8E00410B26 /* Login Page */;
			targetProxy = AD6EBEEB2471AA9500410B26 /* PBXContainerItemProxy */;
		};
/* End PBXTargetDependency section */

/* Begin PBXVariantGroup section */
		AD6EBED72471AA9500410B26 /* LaunchScreen.storyboard */ = {
			isa = PBXVariantGroup;
			children = (
				AD6EBED82471AA9500410B26 /* Base */,
			);
			name = LaunchScreen.storyboard;
			sourceTree = "<group>";
		};
/* End PBXVariantGroup section */

/* Begin XCBuildConfiguration section */
		AD6EBEF12471AA9500410B26 /* Debug */ = {
			isa = XCBuildConfiguration;
			buildSettings = {
				ALWAYS_SEARCH_USER_PATHS = NO;
				CLANG_ANALYZER_NONNULL = YES;
				CLANG_ANALYZER_NUMBER_OBJECT_CONVERSION = YES_AGGRESSIVE;
				CLANG_CXX_LANGUAGE_STANDARD = "gnu++14";
				CLANG_CXX_LIBRARY = "libc++";
				CLANG_ENABLE_MODULES = YES;
				CLANG_ENABLE_OBJC_ARC = YES;
				CLANG_ENABLE_OBJC_WEAK = YES;
				CLANG_WARN_BLOCK_CAPTURE_AUTORELEASING = YES;
				CLANG_WARN_BOOL_CONVERSION = YES;
				CLANG_WARN_COMMA = YES;
				CLANG_WARN_CONSTANT_CONVERSION = YES;
				CLANG_WARN_DEPRECATED_OBJC_IMPLEMENTATIONS = YES;
				CLANG_WARN_DIRECT_OBJC_ISA_USAGE = YES_ERROR;
				CLANG_WARN_DOCUMENTATION_COMMENTS = YES;
				CLANG_WARN_EMPTY_BODY = YES;
				CLANG_WARN_ENUM_CONVERSION = YES;
				CLANG_WARN_INFINITE_RECURSION = YES;
				CLANG_WARN_INT_CONVERSION = YES;
				CLANG_WARN_NON_LITERAL_NULL_CONVERSION = YES;
				CLANG_WARN_OBJC_IMPLICIT_RETAIN_SELF = YES;
				CLANG_WARN_OBJC_LITERAL_CONVERSION = YES;
				CLANG_WARN_OBJC_ROOT_CLASS = YES_ERROR;
				CLANG_WARN_RANGE_LOOP_ANALYSIS = YES;
				CLANG_WARN_STRICT_PROTOTYPES = YES;
				CLANG_WARN_SUSPICIOUS_MOVE = YES;
				CLANG_WARN_UNGUARDED_AVAILABILITY = YES_AGGRESSIVE;
				CLANG_WARN_UNREACHABLE_CODE = YES;
				CLANG_WARN__DUPLICATE_METHOD_MATCH = YES;
				COPY_PHASE_STRIP = NO;
				DEBUG_INFORMATION_FORMAT = dwarf;
				ENABLE_STRICT_OBJC_MSGSEND = YES;
				ENABLE_TESTABILITY = YES;
				GCC_C_LANGUAGE_STANDARD = gnu11;
				GCC_DYNAMIC_NO_PIC = NO;
				GCC_NO_COMMON_BLOCKS = YES;
				GCC_OPTIMIZATION_LEVEL = 0;
				GCC_PREPROCESSOR_DEFINITIONS = (
					"DEBUG=1",
					"$(inherited)",
				);
				GCC_WARN_64_TO_32_BIT_CONVERSION = YES;
				GCC_WARN_ABOUT_RETURN_TYPE = YES_ERROR;
				GCC_WARN_UNDECLARED_SELECTOR = YES;
				GCC_WARN_UNINITIALIZED_AUTOS = YES_AGGRESSIVE;
				GCC_WARN_UNUSED_FUNCTION = YES;
				GCC_WARN_UNUSED_VARIABLE = YES;
				IPHONEOS_DEPLOYMENT_TARGET = 13.4;
				MTL_ENABLE_DEBUG_INFO = INCLUDE_SOURCE;
				MTL_FAST_MATH = YES;
				ONLY_ACTIVE_ARCH = YES;
				SDKROOT = iphoneos;
				SWIFT_ACTIVE_COMPILATION_CONDITIONS = DEBUG;
				SWIFT_OPTIMIZATION_LEVEL = "-Onone";
			};
			name = Debug;
		};
		AD6EBEF22471AA9500410B26 /* Release */ = {
			isa = XCBuildConfiguration;
			buildSettings = {
				ALWAYS_SEARCH_USER_PATHS = NO;
				CLANG_ANALYZER_NONNULL = YES;
				CLANG_ANALYZER_NUMBER_OBJECT_CONVERSION = YES_AGGRESSIVE;
				CLANG_CXX_LANGUAGE_STANDARD = "gnu++14";
				CLANG_CXX_LIBRARY = "libc++";
				CLANG_ENABLE_MODULES = YES;
				CLANG_ENABLE_OBJC_ARC = YES;
				CLANG_ENABLE_OBJC_WEAK = YES;
				CLANG_WARN_BLOCK_CAPTURE_AUTORELEASING = YES;
				CLANG_WARN_BOOL_CONVERSION = YES;
				CLANG_WARN_COMMA = YES;
				CLANG_WARN_CONSTANT_CONVERSION = YES;
				CLANG_WARN_DEPRECATED_OBJC_IMPLEMENTATIONS = YES;
				CLANG_WARN_DIRECT_OBJC_ISA_USAGE = YES_ERROR;
				CLANG_WARN_DOCUMENTATION_COMMENTS = YES;
				CLANG_WARN_EMPTY_BODY = YES;
				CLANG_WARN_ENUM_CONVERSION = YES;
				CLANG_WARN_INFINITE_RECURSION = YES;
				CLANG_WARN_INT_CONVERSION = YES;
				CLANG_WARN_NON_LITERAL_NULL_CONVERSION = YES;
				CLANG_WARN_OBJC_IMPLICIT_RETAIN_SELF = YES;
				CLANG_WARN_OBJC_LITERAL_CONVERSION = YES;
				CLANG_WARN_OBJC_ROOT_CLASS = YES_ERROR;
				CLANG_WARN_RANGE_LOOP_ANALYSIS = YES;
				CLANG_WARN_STRICT_PROTOTYPES = YES;
				CLANG_WARN_SUSPICIOUS_MOVE = YES;
				CLANG_WARN_UNGUARDED_AVAILABILITY = YES_AGGRESSIVE;
				CLANG_WARN_UNREACHABLE_CODE = YES;
				CLANG_WARN__DUPLICATE_METHOD_MATCH = YES;
				COPY_PHASE_STRIP = NO;
				DEBUG_INFORMATION_FORMAT = "dwarf-with-dsym";
				ENABLE_NS_ASSERTIONS = NO;
				ENABLE_STRICT_OBJC_MSGSEND = YES;
				GCC_C_LANGUAGE_STANDARD = gnu11;
				GCC_NO_COMMON_BLOCKS = YES;
				GCC_WARN_64_TO_32_BIT_CONVERSION = YES;
				GCC_WARN_ABOUT_RETURN_TYPE = YES_ERROR;
				GCC_WARN_UNDECLARED_SELECTOR = YES;
				GCC_WARN_UNINITIALIZED_AUTOS = YES_AGGRESSIVE;
				GCC_WARN_UNUSED_FUNCTION = YES;
				GCC_WARN_UNUSED_VARIABLE = YES;
				IPHONEOS_DEPLOYMENT_TARGET = 13.4;
				MTL_ENABLE_DEBUG_INFO = NO;
				MTL_FAST_MATH = YES;
				SDKROOT = iphoneos;
				SWIFT_COMPILATION_MODE = wholemodule;
				SWIFT_OPTIMIZATION_LEVEL = "-O";
				VALIDATE_PRODUCT = YES;
			};
			name = Release;
		};
		AD6EBEF42471AA9500410B26 /* Debug */ = {
			isa = XCBuildConfiguration;
			buildSettings = {
				ASSETCATALOG_COMPILER_APPICON_NAME = AppIcon;
				CODE_SIGN_STYLE = Automatic;
				DEVELOPMENT_ASSET_PATHS = "\"Login Page/Preview Content\"";
				ENABLE_PREVIEWS = YES;
				INFOPLIST_FILE = "Login Page/Info.plist";
				LD_RUNPATH_SEARCH_PATHS = (
					"$(inherited)",
					"@executable_path/Frameworks",
				);
				PRODUCT_BUNDLE_IDENTIFIER = "Kavsoft.Login-Page";
				PRODUCT_NAME = "$(TARGET_NAME)";
				SWIFT_VERSION = 5.0;
				TARGETED_DEVICE_FAMILY = "1,2";
			};
			name = Debug;
		};
		AD6EBEF52471AA9500410B26 /* Release */ = {
			isa = XCBuildConfiguration;
			buildSettings = {
				ASSETCATALOG_COMPILER_APPICON_NAME = AppIcon;
				CODE_SIGN_STYLE = Automatic;
				DEVELOPMENT_ASSET_PATHS = "\"Login Page/Preview Content\"";
				ENABLE_PREVIEWS = YES;
				INFOPLIST_FILE = "Login Page/Info.plist";
				LD_RUNPATH_SEARCH_PATHS = (
					"$(inherited)",
					"@executable_path/Frameworks",
				);
				PRODUCT_BUNDLE_IDENTIFIER = "Kavsoft.Login-Page";
				PRODUCT_NAME = "$(TARGET_NAME)";
				SWIFT_VERSION = 5.0;
				TARGETED_DEVICE_FAMILY = "1,2";
			};
			name = Release;
		};
		AD6EBEF72471AA9500410B26 /* Debug */ = {
			isa = XCBuildConfiguration;
			buildSettings = {
				ALWAYS_EMBED_SWIFT_STANDARD_LIBRARIES = YES;
				BUNDLE_LOADER = "$(TEST_HOST)";
				CODE_SIGN_STYLE = Automatic;
				INFOPLIST_FILE = "Login PageTests/Info.plist";
				IPHONEOS_DEPLOYMENT_TARGET = 13.4;
				LD_RUNPATH_SEARCH_PATHS = (
					"$(inherited)",
					"@executable_path/Frameworks",
					"@loader_path/Frameworks",
				);
				PRODUCT_BUNDLE_IDENTIFIER = "Kavsoft.Login-PageTests";
				PRODUCT_NAME = "$(TARGET_NAME)";
				SWIFT_VERSION = 5.0;
				TARGETED_DEVICE_FAMILY = "1,2";
				TEST_HOST = "$(BUILT_PRODUCTS_DIR)/Login Page.app/Login Page";
			};
			name = Debug;
		};
		AD6EBEF82471AA9500410B26 /* Release */ = {
			isa = XCBuildConfiguration;
			buildSettings = {
				ALWAYS_EMBED_SWIFT_STANDARD_LIBRARIES = YES;
				BUNDLE_LOADER = "$(TEST_HOST)";
				CODE_SIGN_STYLE = Automatic;
				INFOPLIST_FILE = "Login PageTests/Info.plist";
				IPHONEOS_DEPLOYMENT_TARGET = 13.4;
				LD_RUNPATH_SEARCH_PATHS = (
					"$(inherited)",
					"@executable_path/Frameworks",
					"@loader_path/Frameworks",
				);
				PRODUCT_BUNDLE_IDENTIFIER = "Kavsoft.Login-PageTests";
				PRODUCT_NAME = "$(TARGET_NAME)";
				SWIFT_VERSION = 5.0;
				TARGETED_DEVICE_FAMILY = "1,2";
				TEST_HOST = "$(BUILT_PRODUCTS_DIR)/Login Page.app/Login Page";
			};
			name = Release;
		};
		AD6EBEFA2471AA9500410B26 /* Debug */ = {
			isa = XCBuildConfiguration;
			buildSettings = {
				ALWAYS_EMBED_SWIFT_STANDARD_LIBRARIES = YES;
				CODE_SIGN_STYLE = Automatic;
				INFOPLIST_FILE = "Login PageUITests/Info.plist";
				LD_RUNPATH_SEARCH_PATHS = (
					"$(inherited)",
					"@executable_path/Frameworks",
					"@loader_path/Frameworks",
				);
				PRODUCT_BUNDLE_IDENTIFIER = "Kavsoft.Login-PageUITests";
				PRODUCT_NAME = "$(TARGET_NAME)";
				SWIFT_VERSION = 5.0;
				TARGETED_DEVICE_FAMILY = "1,2";
				TEST_TARGET_NAME = "Login Page";
			};
			name = Debug;
		};
		AD6EBEFB2471AA9500410B26 /* Release */ = {
			isa = XCBuildConfiguration;
			buildSettings = {
				ALWAYS_EMBED_SWIFT_STANDARD_LIBRARIES = YES;
				CODE_SIGN_STYLE = Automatic;
				INFOPLIST_FILE = "Login PageUITests/Info.plist";
				LD_RUNPATH_SEARCH_PATHS = (
					"$(inherited)",
					"@executable_path/Frameworks",
					"@loader_path/Frameworks",
				);
				PRODUCT_BUNDLE_IDENTIFIER = "Kavsoft.Login-PageUITests";
				PRODUCT_NAME = "$(TARGET_NAME)";
				SWIFT_VERSION = 5.0;
				TARGETED_DEVICE_FAMILY = "1,2";
				TEST_TARGET_NAME = "Login Page";
			};
			name = Release;
		};
/* End XCBuildConfiguration section */

/* Begin XCConfigurationList section */
		AD6EBEC42471AA8E00410B26 /* Build configuration list for PBXProject "Login Page" */ = {
			isa = XCConfigurationList;
			buildConfigurations = (
				AD6EBEF12471AA9500410B26 /* Debug */,
				AD6EBEF22471AA9500410B26 /* Release */,
			);
			defaultConfigurationIsVisible = 0;
			defaultConfigurationName = Release;
		};
		AD6EBEF32471AA9500410B26 /* Build configuration list for PBXNativeTarget "Login Page" */ = {
			isa = XCConfigurationList;
			buildConfigurations = (
				AD6EBEF42471AA9500410B26 /* Debug */,
				AD6EBEF52471AA9500410B26 /* Release */,
			);
			defaultConfigurationIsVisible = 0;
			defaultConfigurationName = Release;
		};
		AD6EBEF62471AA9500410B26 /* Build configuration list for PBXNativeTarget "Login PageTests" */ = {
			isa = XCConfigurationList;
			buildConfigurations = (
				AD6EBEF72471AA9500410B26 /* Debug */,
				AD6EBEF82471AA9500410B26 /* Release */,
			);
			defaultConfigurationIsVisible = 0;
			defaultConfigurationName = Release;
		};
		AD6EBEF92471AA9500410B26 /* Build configuration list for PBXNativeTarget "Login PageUITests" */ = {
			isa = XCConfigurationList;
			buildConfigurations = (
				AD6EBEFA2471AA9500410B26 /* Debug */,
				AD6EBEFB2471AA9500410B26 /* Release */,
			);
			defaultConfigurationIsVisible = 0;
			defaultConfigurationName = Release;
		};
/* End XCConfigurationList section */
	};
	rootObject = AD6EBEC12471AA8E00410B26 /* Project object */;
}
